
Microsoft Visual Studio Solution File, Format Version 12.00
# Visual Studio Version 17
VisualStudioVersion = 17.6.33723.286
MinimumVisualStudioVersion = 10.0.40219.1
Project("{FAE04EC0-301F-11D3-BF4B-00C04F79EFBC}") = "SimpleTradeBot", "SimpleTradeBot\SimpleTradeBot.csproj", "{509E4E30-F105-428B-A21A-7E2200674A97}"
EndProject
Project("{9A19103F-16F7-4668-BE54-9A1E7A4F7556}") = "SimpleTradeBotAsp", "SimpleTradeBotAsp\SimpleTradeBotAsp.csproj", "{4C73B249-C1F7-4A89-83B1-B193E9BCC3A6}"
EndProject
Project("{9A19103F-16F7-4668-BE54-9A1E7A4F7556}") = "SimpleTradeBotBacktester", "SimpleTradeBotBacktester\SimpleTradeBotBacktester.csproj", "{1E6521EF-F449-42EF-9C43-7C75CB2BFFED}"
EndProject
Project("{FAE04EC0-301F-11D3-BF4B-00C04F79EFBC}") = "SimpleTradeBotDesktop", "SimpleTradeBotDesktop\SimpleTradeBotDesktop.csproj", "{E4E65927-39E3-4BE9-BDEB-C4DC92CFF614}"
EndProject
Global
	GlobalSection(SolutionConfigurationPlatforms) = preSolution
		Debug|Any CPU = Debug|Any CPU
		Release|Any CPU = Release|Any CPU
	EndGlobalSection
	GlobalSection(ProjectConfigurationPlatforms) = postSolution
		{509E4E30-F105-428B-A21A-7E2200674A97}.Debug|Any CPU.ActiveCfg = Debug|Any CPU
		{509E4E30-F105-428B-A21A-7E2200674A97}.Debug|Any CPU.Build.0 = Debug|Any CPU
		{509E4E30-F105-428B-A21A-7E2200674A97}.Release|Any CPU.ActiveCfg = Release|Any CPU
		{509E4E30-F105-428B-A21A-7E2200674A97}.Release|Any CPU.Build.0 = Release|Any CPU
		{4C73B249-C1F7-4A89-83B1-B193E9BCC3A6}.Debug|Any CPU.ActiveCfg = Debug|Any CPU
		{4C73B249-C1F7-4A89-83B1-B193E9BCC3A6}.Debug|Any CPU.Build.0 = Debug|Any CPU
		{4C73B249-C1F7-4A89-83B1-B193E9BCC3A6}.Release|Any CPU.ActiveCfg = Release|Any CPU
		{4C73B249-C1F7-4A89-83B1-B193E9BCC3A6}.Release|Any CPU.Build.0 = Release|Any CPU
		{1E6521EF-F449-42EF-9C43-7C75CB2BFFED}.Debug|Any CPU.ActiveCfg = Debug|Any CPU
		{1E6521EF-F449-42EF-9C43-7C75CB2BFFED}.Debug|Any CPU.Build.0 = Debug|Any CPU
		{1E6521EF-F449-42EF-9C43-7C75CB2BFFED}.Release|Any CPU.ActiveCfg = Release|Any CPU
		{1E6521EF-F449-42EF-9C43-7C75CB2BFFED}.Release|Any CPU.Build.0 = Release|Any CPU
		{E4E65927-39E3-4BE9-BDEB-C4DC92CFF614}.Debug|Any CPU.ActiveCfg = Debug|Any CPU
		{E4E65927-39E3-4BE9-BDEB-C4DC92CFF614}.Debug|Any CPU.Build.0 = Debug|Any CPU
		{E4E65927-39E3-4BE9-BDEB-C4DC92CFF614}.Release|Any CPU.ActiveCfg = Release|Any CPU
		{E4E65927-39E3-4BE9-BDEB-C4DC92CFF614}.Release|Any CPU.Build.0 = Release|Any CPU
	EndGlobalSection
	GlobalSection(SolutionProperties) = preSolution
		HideSolutionNode = FALSE
	EndGlobalSection
	GlobalSection(ExtensibilityGlobals) = postSolution
		SolutionGuid = {E1F73AF1-C1FF-451E-B17A-561DD1B3C915}
	EndGlobalSection
EndGlobal
