
Microsoft Visual Studio Solution File, Format Version 12.00
# Visual Studio Version 16
VisualStudioVersion = 16.0.31613.86
MinimumVisualStudioVersion = 10.0.40219.1
Project("{FAE04EC0-301F-11D3-BF4B-00C04F79EFBC}") = "SimpleTradeBot", "SimpleTradeBot\SimpleTradeBot.csproj", "{509E4E30-F105-428B-A21A-7E2200674A97}"
EndProject
Global
	GlobalSection(SolutionConfigurationPlatforms) = preSolution
		Debug|Any CPU = Debug|Any CPU
		Release|Any CPU = Release|Any CPU
	EndGlobalSection
	GlobalSection(ProjectConfigurationPlatforms) = postSolution
		{509E4E30-F105-428B-A21A-7E2200674A97}.Debug|Any CPU.ActiveCfg = Debug|Any CPU
		{509E4E30-F105-428B-A21A-7E2200674A97}.Debug|Any CPU.Build.0 = Debug|Any CPU
		{509E4E30-F105-428B-A21A-7E2200674A97}.Release|Any CPU.ActiveCfg = Release|Any CPU
		{509E4E30-F105-428B-A21A-7E2200674A97}.Release|Any CPU.Build.0 = Release|Any CPU
	EndGlobalSection
	GlobalSection(SolutionProperties) = preSolution
		HideSolutionNode = FALSE
	EndGlobalSection
	GlobalSection(ExtensibilityGlobals) = postSolution
		SolutionGuid = {E1F73AF1-C1FF-451E-B17A-561DD1B3C915}
	EndGlobalSection
EndGlobal
